Microsoft Visual Studio Solution File, Format Version 12.00
# Visual Studio Version 17
VisualStudioVersion = 17.7.34031.279
MinimumVisualStudioVersion = 16.0.0.0
Project("{9A19103F-16F7-4668-BE54-9A1E7A4F7556}") = "konyvtarProj.Server", "Server\konyvtarProj.Server.csproj", "{FFAB5277-CB40-4D6B-98C6-7DCB519A0F16}"
EndProject
Project("{9A19103F-16F7-4668-BE54-9A1E7A4F7556}") = "konyvtarProj.Client", "Client\konyvtarProj.Client.csproj", "{82E8B74D-7E3E-44FB-ADC6-3C6553AAE9A5}"
EndProject
Project("{9A19103F-16F7-4668-BE54-9A1E7A4F7556}") = "konyvtarProj.Shared", "Shared\konyvtarProj.Shared.csproj", "{AF374630-6EC4-4B8B-90A3-4C8081FD91DE}"
EndProject
Global
	GlobalSection(SolutionConfigurationPlatforms) = preSolution
		Debug|Any CPU = Debug|Any CPU
		Debug|x64 = Debug|x64
		Debug|x86 = Debug|x86
		Release|Any CPU = Release|Any CPU
		Release|x64 = Release|x64
		Release|x86 = Release|x86
	EndGlobalSection
	GlobalSection(ProjectConfigurationPlatforms) = postSolution
		{FFAB5277-CB40-4D6B-98C6-7DCB519A0F16}.Debug|Any CPU.ActiveCfg = Debug|Any CPU
		{FFAB5277-CB40-4D6B-98C6-7DCB519A0F16}.Debug|Any CPU.Build.0 = Debug|Any CPU
		{FFAB5277-CB40-4D6B-98C6-7DCB519A0F16}.Debug|x64.ActiveCfg = Debug|Any CPU
		{FFAB5277-CB40-4D6B-98C6-7DCB519A0F16}.Debug|x64.Build.0 = Debug|Any CPU
		{FFAB5277-CB40-4D6B-98C6-7DCB519A0F16}.Debug|x86.ActiveCfg = Debug|Any CPU
		{FFAB5277-CB40-4D6B-98C6-7DCB519A0F16}.Debug|x86.Build.0 = Debug|Any CPU
		{FFAB5277-CB40-4D6B-98C6-7DCB519A0F16}.Release|Any CPU.ActiveCfg = Release|Any CPU
		{FFAB5277-CB40-4D6B-98C6-7DCB519A0F16}.Release|Any CPU.Build.0 = Release|Any CPU
		{FFAB5277-CB40-4D6B-98C6-7DCB519A0F16}.Release|x64.ActiveCfg = Release|Any CPU
		{FFAB5277-CB40-4D6B-98C6-7DCB519A0F16}.Release|x64.Build.0 = Release|Any CPU
		{FFAB5277-CB40-4D6B-98C6-7DCB519A0F16}.Release|x86.ActiveCfg = Release|Any CPU
		{FFAB5277-CB40-4D6B-98C6-7DCB519A0F16}.Release|x86.Build.0 = Release|Any CPU
		{82E8B74D-7E3E-44FB-ADC6-3C6553AAE9A5}.Debug|Any CPU.ActiveCfg = Debug|Any CPU
		{82E8B74D-7E3E-44FB-ADC6-3C6553AAE9A5}.Debug|Any CPU.Build.0 = Debug|Any CPU
		{82E8B74D-7E3E-44FB-ADC6-3C6553AAE9A5}.Debug|x64.ActiveCfg = Debug|Any CPU
		{82E8B74D-7E3E-44FB-ADC6-3C6553AAE9A5}.Debug|x64.Build.0 = Debug|Any CPU
		{82E8B74D-7E3E-44FB-ADC6-3C6553AAE9A5}.Debug|x86.ActiveCfg = Debug|Any CPU
		{82E8B74D-7E3E-44FB-ADC6-3C6553AAE9A5}.Debug|x86.Build.0 = Debug|Any CPU
		{82E8B74D-7E3E-44FB-ADC6-3C6553AAE9A5}.Release|Any CPU.ActiveCfg = Release|Any CPU
		{82E8B74D-7E3E-44FB-ADC6-3C6553AAE9A5}.Release|Any CPU.Build.0 = Release|Any CPU
		{82E8B74D-7E3E-44FB-ADC6-3C6553AAE9A5}.Release|x64.ActiveCfg = Release|Any CPU
		{82E8B74D-7E3E-44FB-ADC6-3C6553AAE9A5}.Release|x64.Build.0 = Release|Any CPU
		{82E8B74D-7E3E-44FB-ADC6-3C6553AAE9A5}.Release|x86.ActiveCfg = Release|Any CPU
		{82E8B74D-7E3E-44FB-ADC6-3C6553AAE9A5}.Release|x86.Build.0 = Release|Any CPU
		{AF374630-6EC4-4B8B-90A3-4C8081FD91DE}.Debug|Any CPU.ActiveCfg = Debug|Any CPU
		{AF374630-6EC4-4B8B-90A3-4C8081FD91DE}.Debug|Any CPU.Build.0 = Debug|Any CPU
		{AF374630-6EC4-4B8B-90A3-4C8081FD91DE}.Debug|x64.ActiveCfg = Debug|Any CPU
		{AF374630-6EC4-4B8B-90A3-4C8081FD91DE}.Debug|x64.Build.0 = Debug|Any CPU
		{AF374630-6EC4-4B8B-90A3-4C8081FD91DE}.Debug|x86.ActiveCfg = Debug|Any CPU
		{AF374630-6EC4-4B8B-90A3-4C8081FD91DE}.Debug|x86.Build.0 = Debug|Any CPU
		{AF374630-6EC4-4B8B-90A3-4C8081FD91DE}.Release|Any CPU.ActiveCfg = Release|Any CPU
		{AF374630-6EC4-4B8B-90A3-4C8081FD91DE}.Release|Any CPU.Build.0 = Release|Any CPU
		{AF374630-6EC4-4B8B-90A3-4C8081FD91DE}.Release|x64.ActiveCfg = Release|Any CPU
		{AF374630-6EC4-4B8B-90A3-4C8081FD91DE}.Release|x64.Build.0 = Release|Any CPU
		{AF374630-6EC4-4B8B-90A3-4C8081FD91DE}.Release|x86.ActiveCfg = Release|Any CPU
		{AF374630-6EC4-4B8B-90A3-4C8081FD91DE}.Release|x86.Build.0 = Release|Any CPU
	EndGlobalSection
	GlobalSection(SolutionProperties) = preSolution
		HideSolutionNode = FALSE
	EndGlobalSection
	GlobalSection(ExtensibilityGlobals) = postSolution
		SolutionGuid = {A17750E1-E46C-44DE-ACC0-9A377697EAF7}
	EndGlobalSection
EndGlobal
